# This file is generated by running "yarn install" inside your project.
# Manual changes might be lost - proceed with caution!

__metadata:
  version: 6
  cacheKey: 8

"@popperjs/core@npm:^2.9.0":
  version: 2.11.6
  resolution: "@popperjs/core@npm:2.11.6"
  checksum: 47fb328cec1924559d759b48235c78574f2d71a8a6c4c03edb6de5d7074078371633b91e39bbf3f901b32aa8af9b9d8f82834856d2f5737a23475036b16817f0
  languageName: node
  linkType: hard

"@tiptap/extension-bubble-menu@npm:^2.0.0-beta.195":
  version: 2.0.0-beta.211
  resolution: "@tiptap/extension-bubble-menu@npm:2.0.0-beta.211"
  dependencies:
    lodash: ^4.17.21
    tippy.js: ^6.3.7
  peerDependencies:
    "@tiptap/core": ^2.0.0-beta.209
    "@tiptap/pm": ^2.0.0-beta.209
  checksum: 90196c62e0b53b8701346a1040e219f2075e4bb092395ad8f4ca88ebfc8a837fda6aedba597df6c0f5b37bf8ea1f5f614ff5da5fafe90fdefd950ef6a644939d
  languageName: node
  linkType: hard

"@tiptap/extension-floating-menu@npm:^2.0.0-beta.195":
  version: 2.0.0-beta.211
  resolution: "@tiptap/extension-floating-menu@npm:2.0.0-beta.211"
  dependencies:
    tippy.js: ^6.3.7
  peerDependencies:
    "@tiptap/core": ^2.0.0-beta.209
    "@tiptap/pm": ^2.0.0-beta.209
  checksum: a75a393b8ec2ef8c84be776cbb6b9fd8d6b900e9399fc9d92ee5146cf6d4fafaed5b533ac5d912e4397027357a96a6cf6fc18c86e32008cbf4f8e4e7ba08befc
  languageName: node
  linkType: hard

"@tiptap/react@npm:2.0.0-beta.195":
  version: 2.0.0-beta.195
  resolution: "@tiptap/react@npm:2.0.0-beta.195"
  dependencies:
    "@tiptap/extension-bubble-menu": ^2.0.0-beta.195
    "@tiptap/extension-floating-menu": ^2.0.0-beta.195
    prosemirror-view: 1.26.2
  peerDependencies:
    "@tiptap/core": ^2.0.0-beta.193
    react: ^17.0.0 || ^18.0.0
    react-dom: ^17.0.0 || ^18.0.0
  checksum: c6c5d9dec69bdcd5d36bc59d3a0b3565525bd90901d66171a6d61000faf086ddd8b9f046c3db8a03b68f72c35517688feae420797f190e41679a9c9aee4fc8f5
  languageName: node
  linkType: hard

"lodash@npm:^4.17.21":
  version: 4.17.21
  resolution: "lodash@npm:4.17.21"
  checksum: eb835a2e51d381e561e508ce932ea50a8e5a68f4ebdd771ea240d3048244a8d13658acbd502cd4829768c56f2e16bdd4340b9ea141297d472517b83868e677f7
  languageName: node
  linkType: hard

"orderedmap@npm:^2.0.0":
  version: 2.1.0
  resolution: "orderedmap@npm:2.1.0"
  checksum: af3f2bd3b74d925eb8790af29623098c58053ca33e2aff9eff6f8e99c3bb9f0d9fa17e2416c31f2ca97792ae9db767945621b1c1330dfdd6297df6433772eeaa
  languageName: node
  linkType: hard

"prosemirror-model@npm:^1.0.0, prosemirror-model@npm:^1.16.0":
  version: 1.19.0
  resolution: "prosemirror-model@npm:1.19.0"
  dependencies:
    orderedmap: ^2.0.0
  checksum: 1ab3d3e0cbe3f56d368984f8cc8e4302e95856e00bc9804068d9648aae7a7e494be631017ad0dffe9d2f90c1044c56548b96ab9d3d1ef9e7155391be2547905f
  languageName: node
  linkType: hard

"prosemirror-state@npm:^1.0.0":
  version: 1.4.2
  resolution: "prosemirror-state@npm:1.4.2"
  dependencies:
    prosemirror-model: ^1.0.0
    prosemirror-transform: ^1.0.0
    prosemirror-view: ^1.27.0
  checksum: a9e44df56aeb53fb99036742fbb63826380cf74cb115efffdd9f4e096bfb27dc7bf35c46d4b5fb5f260cd84e8bdc467aa5dc9540bd06f9f802de70b4873d8db4
  languageName: node
  linkType: hard

"prosemirror-transform@npm:^1.0.0, prosemirror-transform@npm:^1.1.0":
  version: 1.7.1
  resolution: "prosemirror-transform@npm:1.7.1"
  dependencies:
    prosemirror-model: ^1.0.0
  checksum: 0b8ec0953e7cf942ba3253cf54dac0e5d93172e3906f0b13e4ab72cc446271ec7542afbeeac0f8b72adb092cc15047ee06a6d4ed17c8a471acff8d20ddd92193
  languageName: node
  linkType: hard

"prosemirror-view@npm:1.26.2":
  version: 1.26.2
  resolution: "prosemirror-view@npm:1.26.2"
  dependencies:
    prosemirror-model: ^1.16.0
    prosemirror-state: ^1.0.0
    prosemirror-transform: ^1.1.0
  checksum: 9f4f027515a70dfe7cec9b8bfb2a7555b87b68efee0d96fa0222fce976f4b43578805ae4a57cf90c7b51904ba75d57a16d4fd10e780514647c669b283c58125a
  languageName: node
  linkType: hard

"prosemirror-view@npm:^1.27.0":
  version: 1.30.0
  resolution: "prosemirror-view@npm:1.30.0"
  dependencies:
    prosemirror-model: ^1.16.0
    prosemirror-state: ^1.0.0
    prosemirror-transform: ^1.1.0
  checksum: ffd29ce9a37254337541a06ff961934f457e872374d0aac8b5b1c938c1d6726820f24a75b83b4f55c2f46e3ab5ec907664e72db3863ec17e2c8701c393384fd1
  languageName: node
  linkType: hard

"tippy.js@npm:^6.3.7":
  version: 6.3.7
  resolution: "tippy.js@npm:6.3.7"
  dependencies:
    "@popperjs/core": ^2.9.0
  checksum: cac955318a65288e8d2dca05059878b003c6e66f92c94f7810f5bc5448eb6646abdf7dacc9bd00020e2611592598d0aae3a28ec9a45349a159603c3fdddce5fb
  languageName: node
  linkType: hard

"tiptap-version-bug@workspace:.":
  version: 0.0.0-use.local
  resolution: "tiptap-version-bug@workspace:."
  dependencies:
    "@tiptap/react": 2.0.0-beta.195
  languageName: unknown
  linkType: soft
